// !$*UTF8*$!
{
	archiveVersion = 1;
	classes = {
	};
	objectVersion = 48;
	objects = {

/* Begin PBXBuildFile section */
		383FC4401FF4366B0088DF8B /* AppDelegate.swift in Sources */ = {isa = PBXBuildFile; fileRef = 383FC43F1FF4366B0088DF8B /* AppDelegate.swift */; };
		383FC4421FF4366B0088DF8B /* ViewController.swift in Sources */ = {isa = PBXBuildFile; fileRef = 383FC4411FF4366B0088DF8B /* ViewController.swift */; };
		383FC4471FF4366B0088DF8B /* Assets.xcassets in Resources */ = {isa = PBXBuildFile; fileRef = 383FC4461FF4366B0088DF8B /* Assets.xcassets */; };
		383FC44A1FF4366B0088DF8B /* LaunchScreen.storyboard in Resources */ = {isa = PBXBuildFile; fileRef = 383FC4481FF4366B0088DF8B /* LaunchScreen.storyboard */; };
		383FC4551FF4366C0088DF8B /* BackgroundLocationExperimentTests.swift in Sources */ = {isa = PBXBuildFile; fileRef = 383FC4541FF4366C0088DF8B /* BackgroundLocationExperimentTests.swift */; };
		383FC4631FF4568E0088DF8B /* LocationManager.swift in Sources */ = {isa = PBXBuildFile; fileRef = 383FC4621FF4568E0088DF8B /* LocationManager.swift */; };
		383FC4661FF456A40088DF8B /* CoreLocation.framework in Frameworks */ = {isa = PBXBuildFile; fileRef = 383FC4651FF456A40088DF8B /* CoreLocation.framework */; };
		383FC4681FF45FE40088DF8B /* Main.storyboard in Resources */ = {isa = PBXBuildFile; fileRef = 383FC4671FF45FE40088DF8B /* Main.storyboard */; };
/* End PBXBuildFile section */

/* Begin PBXContainerItemProxy section */
		383FC4511FF4366C0088DF8B /* PBXContainerItemProxy */ = {
			isa = PBXContainerItemProxy;
			containerPortal = 383FC4341FF4366B0088DF8B /* Project object */;
			proxyType = 1;
			remoteGlobalIDString = 383FC43B1FF4366B0088DF8B;
			remoteInfo = BackgroundLocationExperiment;
		};
/* End PBXContainerItemProxy section */

/* Begin PBXFileReference section */
		383FC43C1FF4366B0088DF8B /* BackgroundLocationExperiment.app */ = {isa = PBXFileReference; explicitFileType = wrapper.application; includeInIndex = 0; path = BackgroundLocationExperiment.app; sourceTree = BUILT_PRODUCTS_DIR; };
		383FC43F1FF4366B0088DF8B /* AppDelegate.swift */ = {isa = PBXFileReference; lastKnownFileType = sourcecode.swift; path = AppDelegate.swift; sourceTree = "<group>"; };
		383FC4411FF4366B0088DF8B /* ViewController.swift */ = {isa = PBXFileReference; lastKnownFileType = sourcecode.swift; path = ViewController.swift; sourceTree = "<group>"; };
		383FC4461FF4366B0088DF8B /* Assets.xcassets */ = {isa = PBXFileReference; lastKnownFileType = folder.assetcatalog; path = Assets.xcassets; sourceTree = "<group>"; };
		383FC4491FF4366B0088DF8B /* Base */ = {isa = PBXFileReference; lastKnownFileType = file.storyboard; name = Base; path = Base.lproj/LaunchScreen.storyboard; sourceTree = "<group>"; };
		383FC44B1FF4366B0088DF8B /* Info.plist */ = {isa = PBXFileReference; lastKnownFileType = text.plist.xml; path = Info.plist; sourceTree = "<group>"; };
		383FC4501FF4366C0088DF8B /* BackgroundLocationExperimentTests.xctest */ = {isa = PBXFileReference; explicitFileType = wrapper.cfbundle; includeInIndex = 0; path = BackgroundLocationExperimentTests.xctest; sourceTree = BUILT_PRODUCTS_DIR; };
		383FC4541FF4366C0088DF8B /* BackgroundLocationExperimentTests.swift */ = {isa = PBXFileReference; lastKnownFileType = sourcecode.swift; path = BackgroundLocationExperimentTests.swift; sourceTree = "<group>"; };
		383FC4561FF4366C0088DF8B /* Info.plist */ = {isa = PBXFileReference; lastKnownFileType = text.plist.xml; path = Info.plist; sourceTree = "<group>"; };
		383FC4621FF4568E0088DF8B /* LocationManager.swift */ = {isa = PBXFileReference; lastKnownFileType = sourcecode.swift; path = LocationManager.swift; sourceTree = "<group>"; };
		383FC4651FF456A40088DF8B /* CoreLocation.framework */ = {isa = PBXFileReference; lastKnownFileType = wrapper.framework; name = CoreLocation.framework; path = System/Library/Frameworks/CoreLocation.framework; sourceTree = SDKROOT; };
		383FC4671FF45FE40088DF8B /* Main.storyboard */ = {isa = PBXFileReference; fileEncoding = 4; lastKnownFileType = file.storyboard; path = Main.storyboard; sourceTree = "<group>"; };
/* End PBXFileReference section */

/* Begin PBXFrameworksBuildPhase section */
		383FC4391FF4366B0088DF8B /* Frameworks */ = {
			isa = PBXFrameworksBuildPhase;
			buildActionMask = 2147483647;
			files = (
				383FC4661FF456A40088DF8B /* CoreLocation.framework in Frameworks */,
			);
			runOnlyForDeploymentPostprocessing = 0;
		};
		383FC44D1FF4366C0088DF8B /* Frameworks */ = {
			isa = PBXFrameworksBuildPhase;
			buildActionMask = 2147483647;
			files = (
			);
			runOnlyForDeploymentPostprocessing = 0;
		};
/* End PBXFrameworksBuildPhase section */

/* Begin PBXGroup section */
		383FC4331FF4366B0088DF8B = {
			isa = PBXGroup;
			children = (
				383FC43E1FF4366B0088DF8B /* BackgroundLocationExperiment */,
				383FC4531FF4366C0088DF8B /* BackgroundLocationExperimentTests */,
				383FC43D1FF4366B0088DF8B /* Products */,
				383FC4641FF456A40088DF8B /* Frameworks */,
			);
			sourceTree = "<group>";
		};
		383FC43D1FF4366B0088DF8B /* Products */ = {
			isa = PBXGroup;
			children = (
				383FC43C1FF4366B0088DF8B /* BackgroundLocationExperiment.app */,
				383FC4501FF4366C0088DF8B /* BackgroundLocationExperimentTests.xctest */,
			);
			name = Products;
			sourceTree = "<group>";
		};
		383FC43E1FF4366B0088DF8B /* BackgroundLocationExperiment */ = {
			isa = PBXGroup;
			children = (
				383FC43F1FF4366B0088DF8B /* AppDelegate.swift */,
				383FC4461FF4366B0088DF8B /* Assets.xcassets */,
				383FC44B1FF4366B0088DF8B /* Info.plist */,
				383FC4481FF4366B0088DF8B /* LaunchScreen.storyboard */,
				383FC4611FF456310088DF8B /* Location */,
				383FC4671FF45FE40088DF8B /* Main.storyboard */,
				383FC4411FF4366B0088DF8B /* ViewController.swift */,
			);
			path = BackgroundLocationExperiment;
			sourceTree = "<group>";
		};
		383FC4531FF4366C0088DF8B /* BackgroundLocationExperimentTests */ = {
			isa = PBXGroup;
			children = (
				383FC4541FF4366C0088DF8B /* BackgroundLocationExperimentTests.swift */,
				383FC4561FF4366C0088DF8B /* Info.plist */,
			);
			path = BackgroundLocationExperimentTests;
			sourceTree = "<group>";
		};
		383FC4611FF456310088DF8B /* Location */ = {
			isa = PBXGroup;
			children = (
				383FC4621FF4568E0088DF8B /* LocationManager.swift */,
			);
			path = Location;
			sourceTree = "<group>";
		};
		383FC4641FF456A40088DF8B /* Frameworks */ = {
			isa = PBXGroup;
			children = (
				383FC4651FF456A40088DF8B /* CoreLocation.framework */,
			);
			name = Frameworks;
			sourceTree = "<group>";
		};
/* End PBXGroup section */

/* Begin PBXNativeTarget section */
		383FC43B1FF4366B0088DF8B /* BackgroundLocationExperiment */ = {
			isa = PBXNativeTarget;
			buildConfigurationList = 383FC4591FF4366C0088DF8B /* Build configuration list for PBXNativeTarget "BackgroundLocationExperiment" */;
			buildPhases = (
				383FC4381FF4366B0088DF8B /* Sources */,
				383FC4391FF4366B0088DF8B /* Frameworks */,
				383FC43A1FF4366B0088DF8B /* Resources */,
			);
			buildRules = (
			);
			dependencies = (
			);
			name = BackgroundLocationExperiment;
			productName = BackgroundLocationExperiment;
			productReference = 383FC43C1FF4366B0088DF8B /* BackgroundLocationExperiment.app */;
			productType = "com.apple.product-type.application";
		};
		383FC44F1FF4366C0088DF8B /* BackgroundLocationExperimentTests */ = {
			isa = PBXNativeTarget;
			buildConfigurationList = 383FC45C1FF4366C0088DF8B /* Build configuration list for PBXNativeTarget "BackgroundLocationExperimentTests" */;
			buildPhases = (
				383FC44C1FF4366C0088DF8B /* Sources */,
				383FC44D1FF4366C0088DF8B /* Frameworks */,
				383FC44E1FF4366C0088DF8B /* Resources */,
			);
			buildRules = (
			);
			dependencies = (
				383FC4521FF4366C0088DF8B /* PBXTargetDependency */,
			);
			name = BackgroundLocationExperimentTests;
			productName = BackgroundLocationExperimentTests;
			productReference = 383FC4501FF4366C0088DF8B /* BackgroundLocationExperimentTests.xctest */;
			productType = "com.apple.product-type.bundle.unit-test";
		};
/* End PBXNativeTarget section */

/* Begin PBXProject section */
		383FC4341FF4366B0088DF8B /* Project object */ = {
			isa = PBXProject;
			attributes = {
				LastSwiftUpdateCheck = 0920;
				LastUpgradeCheck = 0920;
				ORGANIZATIONNAME = "Method Up";
				TargetAttributes = {
					383FC43B1FF4366B0088DF8B = {
						CreatedOnToolsVersion = 9.2;
						ProvisioningStyle = Automatic;
						SystemCapabilities = {
							com.apple.BackgroundModes = {
								enabled = 1;
							};
						};
					};
					383FC44F1FF4366C0088DF8B = {
						CreatedOnToolsVersion = 9.2;
						ProvisioningStyle = Automatic;
						TestTargetID = 383FC43B1FF4366B0088DF8B;
					};
				};
			};
			buildConfigurationList = 383FC4371FF4366B0088DF8B /* Build configuration list for PBXProject "BackgroundLocationExperiment" */;
			compatibilityVersion = "Xcode 8.0";
			developmentRegion = en;
			hasScannedForEncodings = 0;
			knownRegions = (
				en,
				Base,
			);
			mainGroup = 383FC4331FF4366B0088DF8B;
			productRefGroup = 383FC43D1FF4366B0088DF8B /* Products */;
			projectDirPath = "";
			projectRoot = "";
			targets = (
				383FC43B1FF4366B0088DF8B /* BackgroundLocationExperiment */,
				383FC44F1FF4366C0088DF8B /* BackgroundLocationExperimentTests */,
			);
		};
/* End PBXProject section */

/* Begin PBXResourcesBuildPhase section */
		383FC43A1FF4366B0088DF8B /* Resources */ = {
			isa = PBXResourcesBuildPhase;
			buildActionMask = 2147483647;
			files = (
				383FC4681FF45FE40088DF8B /* Main.storyboard in Resources */,
				383FC44A1FF4366B0088DF8B /* LaunchScreen.storyboard in Resources */,
				383FC4471FF4366B0088DF8B /* Assets.xcassets in Resources */,
			);
			runOnlyForDeploymentPostprocessing = 0;
		};
		383FC44E1FF4366C0088DF8B /* Resources */ = {
			isa = PBXResourcesBuildPhase;
			buildActionMask = 2147483647;
			files = (
			);
			runOnlyForDeploymentPostprocessing = 0;
		};
/* End PBXResourcesBuildPhase section */

/* Begin PBXSourcesBuildPhase section */
		383FC4381FF4366B0088DF8B /* Sources */ = {
			isa = PBXSourcesBuildPhase;
			buildActionMask = 2147483647;
			files = (
				383FC4631FF4568E0088DF8B /* LocationManager.swift in Sources */,
				383FC4421FF4366B0088DF8B /* ViewController.swift in Sources */,
				383FC4401FF4366B0088DF8B /* AppDelegate.swift in Sources */,
			);
			runOnlyForDeploymentPostprocessing = 0;
		};
		383FC44C1FF4366C0088DF8B /* Sources */ = {
			isa = PBXSourcesBuildPhase;
			buildActionMask = 2147483647;
			files = (
				383FC4551FF4366C0088DF8B /* BackgroundLocationExperimentTests.swift in Sources */,
			);
			runOnlyForDeploymentPostprocessing = 0;
		};
/* End PBXSourcesBuildPhase section */

/* Begin PBXTargetDependency section */
		383FC4521FF4366C0088DF8B /* PBXTargetDependency */ = {
			isa = PBXTargetDependency;
			target = 383FC43B1FF4366B0088DF8B /* BackgroundLocationExperiment */;
			targetProxy = 383FC4511FF4366C0088DF8B /* PBXContainerItemProxy */;
		};
/* End PBXTargetDependency section */

/* Begin PBXVariantGroup section */
		383FC4481FF4366B0088DF8B /* LaunchScreen.storyboard */ = {
			isa = PBXVariantGroup;
			children = (
				383FC4491FF4366B0088DF8B /* Base */,
			);
			name = LaunchScreen.storyboard;
			sourceTree = "<group>";
		};
/* End PBXVariantGroup section */

/* Begin XCBuildConfiguration section */
		383FC4571FF4366C0088DF8B /* Debug */ = {
			isa = XCBuildConfiguration;
			buildSettings = {
				ALWAYS_SEARCH_USER_PATHS = NO;
				CLANG_ANALYZER_NONNULL = YES;
				CLANG_ANALYZER_NUMBER_OBJECT_CONVERSION = YES_AGGRESSIVE;
				CLANG_CXX_LANGUAGE_STANDARD = "gnu++14";
				CLANG_CXX_LIBRARY = "libc++";
				CLANG_ENABLE_MODULES = YES;
				CLANG_ENABLE_OBJC_ARC = YES;
				CLANG_WARN_BLOCK_CAPTURE_AUTORELEASING = YES;
				CLANG_WARN_BOOL_CONVERSION = YES;
				CLANG_WARN_COMMA = YES;
				CLANG_WARN_CONSTANT_CONVERSION = YES;
				CLANG_WARN_DIRECT_OBJC_ISA_USAGE = YES_ERROR;
				CLANG_WARN_DOCUMENTATION_COMMENTS = YES;
				CLANG_WARN_EMPTY_BODY = YES;
				CLANG_WARN_ENUM_CONVERSION = YES;
				CLANG_WARN_INFINITE_RECURSION = YES;
				CLANG_WARN_INT_CONVERSION = YES;
				CLANG_WARN_NON_LITERAL_NULL_CONVERSION = YES;
				CLANG_WARN_OBJC_LITERAL_CONVERSION = YES;
				CLANG_WARN_OBJC_ROOT_CLASS = YES_ERROR;
				CLANG_WARN_RANGE_LOOP_ANALYSIS = YES;
				CLANG_WARN_STRICT_PROTOTYPES = YES;
				CLANG_WARN_SUSPICIOUS_MOVE = YES;
				CLANG_WARN_UNGUARDED_AVAILABILITY = YES_AGGRESSIVE;
				CLANG_WARN_UNREACHABLE_CODE = YES;
				CLANG_WARN__DUPLICATE_METHOD_MATCH = YES;
				CODE_SIGN_IDENTITY = "iPhone Developer";
				COPY_PHASE_STRIP = NO;
				DEBUG_INFORMATION_FORMAT = dwarf;
				ENABLE_STRICT_OBJC_MSGSEND = YES;
				ENABLE_TESTABILITY = YES;
				GCC_C_LANGUAGE_STANDARD = gnu11;
				GCC_DYNAMIC_NO_PIC = NO;
				GCC_NO_COMMON_BLOCKS = YES;
				GCC_OPTIMIZATION_LEVEL = 0;
				GCC_PREPROCESSOR_DEFINITIONS = (
					"DEBUG=1",
					"$(inherited)",
				);
				GCC_WARN_64_TO_32_BIT_CONVERSION = YES;
				GCC_WARN_ABOUT_RETURN_TYPE = YES_ERROR;
				GCC_WARN_UNDECLARED_SELECTOR = YES;
				GCC_WARN_UNINITIALIZED_AUTOS = YES_AGGRESSIVE;
				GCC_WARN_UNUSED_FUNCTION = YES;
				GCC_WARN_UNUSED_VARIABLE = YES;
				IPHONEOS_DEPLOYMENT_TARGET = 11.2;
				MTL_ENABLE_DEBUG_INFO = YES;
				ONLY_ACTIVE_ARCH = YES;
				SDKROOT = iphoneos;
				SWIFT_ACTIVE_COMPILATION_CONDITIONS = DEBUG;
				SWIFT_OPTIMIZATION_LEVEL = "-Onone";
			};
			name = Debug;
		};
		383FC4581FF4366C0088DF8B /* Release */ = {
			isa = XCBuildConfiguration;
			buildSettings = {
				ALWAYS_SEARCH_USER_PATHS = NO;
				CLANG_ANALYZER_NONNULL = YES;
				CLANG_ANALYZER_NUMBER_OBJECT_CONVERSION = YES_AGGRESSIVE;
				CLANG_CXX_LANGUAGE_STANDARD = "gnu++14";
				CLANG_CXX_LIBRARY = "libc++";
				CLANG_ENABLE_MODULES = YES;
				CLANG_ENABLE_OBJC_ARC = YES;
				CLANG_WARN_BLOCK_CAPTURE_AUTORELEASING = YES;
				CLANG_WARN_BOOL_CONVERSION = YES;
				CLANG_WARN_COMMA = YES;
				CLANG_WARN_CONSTANT_CONVERSION = YES;
				CLANG_WARN_DIRECT_OBJC_ISA_USAGE = YES_ERROR;
				CLANG_WARN_DOCUMENTATION_COMMENTS = YES;
				CLANG_WARN_EMPTY_BODY = YES;
				CLANG_WARN_ENUM_CONVERSION = YES;
				CLANG_WARN_INFINITE_RECURSION = YES;
				CLANG_WARN_INT_CONVERSION = YES;
				CLANG_WARN_NON_LITERAL_NULL_CONVERSION = YES;
				CLANG_WARN_OBJC_LITERAL_CONVERSION = YES;
				CLANG_WARN_OBJC_ROOT_CLASS = YES_ERROR;
				CLANG_WARN_RANGE_LOOP_ANALYSIS = YES;
				CLANG_WARN_STRICT_PROTOTYPES = YES;
				CLANG_WARN_SUSPICIOUS_MOVE = YES;
				CLANG_WARN_UNGUARDED_AVAILABILITY = YES_AGGRESSIVE;
				CLANG_WARN_UNREACHABLE_CODE = YES;
				CLANG_WARN__DUPLICATE_METHOD_MATCH = YES;
				CODE_SIGN_IDENTITY = "iPhone Developer";
				COPY_PHASE_STRIP = NO;
				DEBUG_INFORMATION_FORMAT = "dwarf-with-dsym";
				ENABLE_NS_ASSERTIONS = NO;
				ENABLE_STRICT_OBJC_MSGSEND = YES;
				GCC_C_LANGUAGE_STANDARD = gnu11;
				GCC_NO_COMMON_BLOCKS = YES;
				GCC_WARN_64_TO_32_BIT_CONVERSION = YES;
				GCC_WARN_ABOUT_RETURN_TYPE = YES_ERROR;
				GCC_WARN_UNDECLARED_SELECTOR = YES;
				GCC_WARN_UNINITIALIZED_AUTOS = YES_AGGRESSIVE;
				GCC_WARN_UNUSED_FUNCTION = YES;
				GCC_WARN_UNUSED_VARIABLE = YES;
				IPHONEOS_DEPLOYMENT_TARGET = 11.2;
				MTL_ENABLE_DEBUG_INFO = NO;
				SDKROOT = iphoneos;
				SWIFT_OPTIMIZATION_LEVEL = "-Owholemodule";
				VALIDATE_PRODUCT = YES;
			};
			name = Release;
		};
		383FC45A1FF4366C0088DF8B /* Debug */ = {
			isa = XCBuildConfiguration;
			buildSettings = {
				ASSETCATALOG_COMPILER_APPICON_NAME = AppIcon;
				CODE_SIGN_STYLE = Automatic;
				DEVELOPMENT_TEAM = 825MF8C7NT;
				INFOPLIST_FILE = BackgroundLocationExperiment/Info.plist;
				LD_RUNPATH_SEARCH_PATHS = "$(inherited) @executable_path/Frameworks";
				PRODUCT_BUNDLE_IDENTIFIER = com.methodup.BackgroundLocationExperiment;
				PRODUCT_NAME = "$(TARGET_NAME)";
				SWIFT_VERSION = 4.0;
				TARGETED_DEVICE_FAMILY = "1,2";
			};
			name = Debug;
		};
		383FC45B1FF4366C0088DF8B /* Release */ = {
			isa = XCBuildConfiguration;
			buildSettings = {
				ASSETCATALOG_COMPILER_APPICON_NAME = AppIcon;
				CODE_SIGN_STYLE = Automatic;
				DEVELOPMENT_TEAM = 825MF8C7NT;
				INFOPLIST_FILE = BackgroundLocationExperiment/Info.plist;
				LD_RUNPATH_SEARCH_PATHS = "$(inherited) @executable_path/Frameworks";
				PRODUCT_BUNDLE_IDENTIFIER = com.methodup.BackgroundLocationExperiment;
				PRODUCT_NAME = "$(TARGET_NAME)";
				SWIFT_VERSION = 4.0;
				TARGETED_DEVICE_FAMILY = "1,2";
			};
			name = Release;
		};
		383FC45D1FF4366C0088DF8B /* Debug */ = {
			isa = XCBuildConfiguration;
			buildSettings = {
				ALWAYS_EMBED_SWIFT_STANDARD_LIBRARIES = YES;
				BUNDLE_LOADER = "$(TEST_HOST)";
				CODE_SIGN_STYLE = Automatic;
				DEVELOPMENT_TEAM = 825MF8C7NT;
				INFOPLIST_FILE = BackgroundLocationExperimentTests/Info.plist;
				LD_RUNPATH_SEARCH_PATHS = "$(inherited) @executable_path/Frameworks @loader_path/Frameworks";
				PRODUCT_BUNDLE_IDENTIFIER = com.methodup.BackgroundLocationExperimentTests;
				PRODUCT_NAME = "$(TARGET_NAME)";
				SWIFT_VERSION = 4.0;
				TARGETED_DEVICE_FAMILY = "1,2";
				TEST_HOST = "$(BUILT_PRODUCTS_DIR)/BackgroundLocationExperiment.app/BackgroundLocationExperiment";
			};
			name = Debug;
		};
		383FC45E1FF4366C0088DF8B /* Release */ = {
			isa = XCBuildConfiguration;
			buildSettings = {
				ALWAYS_EMBED_SWIFT_STANDARD_LIBRARIES = YES;
				BUNDLE_LOADER = "$(TEST_HOST)";
				CODE_SIGN_STYLE = Automatic;
				DEVELOPMENT_TEAM = 825MF8C7NT;
				INFOPLIST_FILE = BackgroundLocationExperimentTests/Info.plist;
				LD_RUNPATH_SEARCH_PATHS = "$(inherited) @executable_path/Frameworks @loader_path/Frameworks";
				PRODUCT_BUNDLE_IDENTIFIER = com.methodup.BackgroundLocationExperimentTests;
				PRODUCT_NAME = "$(TARGET_NAME)";
				SWIFT_VERSION = 4.0;
				TARGETED_DEVICE_FAMILY = "1,2";
				TEST_HOST = "$(BUILT_PRODUCTS_DIR)/BackgroundLocationExperiment.app/BackgroundLocationExperiment";
			};
			name = Release;
		};
/* End XCBuildConfiguration section */

/* Begin XCConfigurationList section */
		383FC4371FF4366B0088DF8B /* Build configuration list for PBXProject "BackgroundLocationExperiment" */ = {
			isa = XCConfigurationList;
			buildConfigurations = (
				383FC4571FF4366C0088DF8B /* Debug */,
				383FC4581FF4366C0088DF8B /* Release */,
			);
			defaultConfigurationIsVisible = 0;
			defaultConfigurationName = Release;
		};
		383FC4591FF4366C0088DF8B /* Build configuration list for PBXNativeTarget "BackgroundLocationExperiment" */ = {
			isa = XCConfigurationList;
			buildConfigurations = (
				383FC45A1FF4366C0088DF8B /* Debug */,
				383FC45B1FF4366C0088DF8B /* Release */,
			);
			defaultConfigurationIsVisible = 0;
			defaultConfigurationName = Release;
		};
		383FC45C1FF4366C0088DF8B /* Build configuration list for PBXNativeTarget "BackgroundLocationExperimentTests" */ = {
			isa = XCConfigurationList;
			buildConfigurations = (
				383FC45D1FF4366C0088DF8B /* Debug */,
				383FC45E1FF4366C0088DF8B /* Release */,
			);
			defaultConfigurationIsVisible = 0;
			defaultConfigurationName = Release;
		};
/* End XCConfigurationList section */
	};
	rootObject = 383FC4341FF4366B0088DF8B /* Project object */;
}
